
Microsoft Visual Studio Solution File, Format Version 12.00
# Visual Studio Version 17
VisualStudioVersion = 17.0.31903.59
MinimumVisualStudioVersion = 10.0.40219.1
Project("{FAE04EC0-301F-11D3-BF4B-00C04F79EFBC}") = "VirtualBookstore.WebApi", "src\WebApi\VirtualBookstore.WebApi.csproj", "{133C091F-5D54-46EF-BE49-34F511431010}"
EndProject
Project("{FAE04EC0-301F-11D3-BF4B-00C04F79EFBC}") = "VirtualBookstore.UnitTests", "tests\UnitTests\VirtualBookstore.UnitTests.csproj", "{DB82E76C-DF6C-440D-97F8-7775C13DBC12}"
EndProject
Project("{FAE04EC0-301F-11D3-BF4B-00C04F79EFBC}") = "VirtualBookstore.IntegrationTests", "tests\IntegrationTests\VirtualBookstore.IntegrationTests.csproj", "{372AA4F6-52C4-46D2-9FEE-9FAB68A7D06A}"
EndProject
Global
	GlobalSection(SolutionConfigurationPlatforms) = preSolution
		Debug|Any CPU = Debug|Any CPU
		Release|Any CPU = Release|Any CPU
	EndGlobalSection
	GlobalSection(SolutionProperties) = preSolution
		HideSolutionNode = FALSE
	EndGlobalSection
	GlobalSection(ProjectConfigurationPlatforms) = postSolution
		{133C091F-5D54-46EF-BE49-34F511431010}.Debug|Any CPU.ActiveCfg = Debug|Any CPU
		{133C091F-5D54-46EF-BE49-34F511431010}.Debug|Any CPU.Build.0 = Debug|Any CPU
		{133C091F-5D54-46EF-BE49-34F511431010}.Release|Any CPU.ActiveCfg = Release|Any CPU
		{133C091F-5D54-46EF-BE49-34F511431010}.Release|Any CPU.Build.0 = Release|Any CPU
		{DB82E76C-DF6C-440D-97F8-7775C13DBC12}.Debug|Any CPU.ActiveCfg = Debug|Any CPU
		{DB82E76C-DF6C-440D-97F8-7775C13DBC12}.Debug|Any CPU.Build.0 = Debug|Any CPU
		{DB82E76C-DF6C-440D-97F8-7775C13DBC12}.Release|Any CPU.ActiveCfg = Release|Any CPU
		{DB82E76C-DF6C-440D-97F8-7775C13DBC12}.Release|Any CPU.Build.0 = Release|Any CPU
		{372AA4F6-52C4-46D2-9FEE-9FAB68A7D06A}.Debug|Any CPU.ActiveCfg = Debug|Any CPU
		{372AA4F6-52C4-46D2-9FEE-9FAB68A7D06A}.Debug|Any CPU.Build.0 = Debug|Any CPU
		{372AA4F6-52C4-46D2-9FEE-9FAB68A7D06A}.Release|Any CPU.ActiveCfg = Release|Any CPU
		{372AA4F6-52C4-46D2-9FEE-9FAB68A7D06A}.Release|Any CPU.Build.0 = Release|Any CPU
	EndGlobalSection
EndGlobal
